// !$*UTF8*$!
{
	archiveVersion = 1;
	classes = {
	};
	objectVersion = 46;
	objects = {

/* Begin PBXBuildFile section */
		45F23B591676621E00A3A6FC /* Foundation.framework in Frameworks */ = {isa = PBXBuildFile; fileRef = 45F23B581676621E00A3A6FC /* Foundation.framework */; };
		45F23BC4167662BB00A3A6FC /* api.c in Sources */ = {isa = PBXBuildFile; fileRef = 45F23B77167662BB00A3A6FC /* api.c */; };
		45F23BC5167662BB00A3A6FC /* dumper.c in Sources */ = {isa = PBXBuildFile; fileRef = 45F23B78167662BB00A3A6FC /* dumper.c */; };
		45F23BC6167662BB00A3A6FC /* emitter.c in Sources */ = {isa = PBXBuildFile; fileRef = 45F23B79167662BB00A3A6FC /* emitter.c */; };
		45F23BC7167662BB00A3A6FC /* loader.c in Sources */ = {isa = PBXBuildFile; fileRef = 45F23B7A167662BB00A3A6FC /* loader.c */; };
		45F23BC8167662BB00A3A6FC /* parser.c in Sources */ = {isa = PBXBuildFile; fileRef = 45F23B7C167662BB00A3A6FC /* parser.c */; };
		45F23BC9167662BB00A3A6FC /* reader.c in Sources */ = {isa = PBXBuildFile; fileRef = 45F23B7D167662BB00A3A6FC /* reader.c */; };
		45F23BCA167662BB00A3A6FC /* scanner.c in Sources */ = {isa = PBXBuildFile; fileRef = 45F23B7E167662BB00A3A6FC /* scanner.c */; };
		45F23BCB167662BB00A3A6FC /* writer.c in Sources */ = {isa = PBXBuildFile; fileRef = 45F23B7F167662BB00A3A6FC /* writer.c */; };
		45F23BD7167662BB00A3A6FC /* CYAMLDeserializer.m in Sources */ = {isa = PBXBuildFile; fileRef = 45F23BC3167662BB00A3A6FC /* CYAMLDeserializer.m */; };
/* End PBXBuildFile section */

/* Begin PBXCopyFilesBuildPhase section */
		45F23B531676621E00A3A6FC /* CopyFiles */ = {
			isa = PBXCopyFilesBuildPhase;
			buildActionMask = 2147483647;
			dstPath = "include/${PRODUCT_NAME}";
			dstSubfolderSpec = 16;
			files = (
			);
			runOnlyForDeploymentPostprocessing = 0;
		};
/* End PBXCopyFilesBuildPhase section */

/* Begin PBXFileReference section */
		45F23B551676621E00A3A6FC /* libCocoaYAML.a */ = {isa = PBXFileReference; explicitFileType = archive.ar; includeInIndex = 0; path = libCocoaYAML.a; sourceTree = BUILT_PRODUCTS_DIR; };
		45F23B581676621E00A3A6FC /* Foundation.framework */ = {isa = PBXFileReference; lastKnownFileType = wrapper.framework; name = Foundation.framework; path = System/Library/Frameworks/Foundation.framework; sourceTree = SDKROOT; };
		45F23B72167662BB00A3A6FC /* yaml.h */ = {isa = PBXFileReference; fileEncoding = 4; lastKnownFileType = sourcecode.c.h; path = yaml.h; sourceTree = "<group>"; };
		45F23B77167662BB00A3A6FC /* api.c */ = {isa = PBXFileReference; fileEncoding = 4; lastKnownFileType = sourcecode.c.c; path = api.c; sourceTree = "<group>"; };
		45F23B78167662BB00A3A6FC /* dumper.c */ = {isa = PBXFileReference; fileEncoding = 4; lastKnownFileType = sourcecode.c.c; path = dumper.c; sourceTree = "<group>"; };
		45F23B79167662BB00A3A6FC /* emitter.c */ = {isa = PBXFileReference; fileEncoding = 4; lastKnownFileType = sourcecode.c.c; path = emitter.c; sourceTree = "<group>"; };
		45F23B7A167662BB00A3A6FC /* loader.c */ = {isa = PBXFileReference; fileEncoding = 4; lastKnownFileType = sourcecode.c.c; path = loader.c; sourceTree = "<group>"; };
		45F23B7C167662BB00A3A6FC /* parser.c */ = {isa = PBXFileReference; fileEncoding = 4; lastKnownFileType = sourcecode.c.c; path = parser.c; sourceTree = "<group>"; };
		45F23B7D167662BB00A3A6FC /* reader.c */ = {isa = PBXFileReference; fileEncoding = 4; lastKnownFileType = sourcecode.c.c; path = reader.c; sourceTree = "<group>"; };
		45F23B7E167662BB00A3A6FC /* scanner.c */ = {isa = PBXFileReference; fileEncoding = 4; lastKnownFileType = sourcecode.c.c; path = scanner.c; sourceTree = "<group>"; };
		45F23B7F167662BB00A3A6FC /* writer.c */ = {isa = PBXFileReference; fileEncoding = 4; lastKnownFileType = sourcecode.c.c; path = writer.c; sourceTree = "<group>"; };
		45F23B80167662BB00A3A6FC /* yaml_private.h */ = {isa = PBXFileReference; fileEncoding = 4; lastKnownFileType = sourcecode.c.h; path = yaml_private.h; sourceTree = "<group>"; };
		45F23BC2167662BB00A3A6FC /* CYAMLDeserializer.h */ = {isa = PBXFileReference; fileEncoding = 4; lastKnownFileType = sourcecode.c.h; path = CYAMLDeserializer.h; sourceTree = "<group>"; };
		45F23BC3167662BB00A3A6FC /* CYAMLDeserializer.m */ = {isa = PBXFileReference; fileEncoding = 4; lastKnownFileType = sourcecode.c.objc; path = CYAMLDeserializer.m; sourceTree = "<group>"; };
		45F23BDB1676641200A3A6FC /* Prefix.pch */ = {isa = PBXFileReference; fileEncoding = 4; lastKnownFileType = sourcecode.c.h; path = Prefix.pch; sourceTree = "<group>"; };
/* End PBXFileReference section */

/* Begin PBXFrameworksBuildPhase section */
		45F23B521676621E00A3A6FC /* Frameworks */ = {
			isa = PBXFrameworksBuildPhase;
			buildActionMask = 2147483647;
			files = (
				45F23B591676621E00A3A6FC /* Foundation.framework in Frameworks */,
			);
			runOnlyForDeploymentPostprocessing = 0;
		};
/* End PBXFrameworksBuildPhase section */

/* Begin PBXGroup section */
		45F23B4A1676621E00A3A6FC = {
			isa = PBXGroup;
			children = (
				45F23B69167662BB00A3A6FC /* Externals */,
				45F23BC1167662BB00A3A6FC /* Source */,
				45F23BD91676634500A3A6FC /* Supporting Files */,
				45F23B571676621E00A3A6FC /* Frameworks */,
				45F23B561676621E00A3A6FC /* Products */,
			);
			sourceTree = "<group>";
		};
		45F23B561676621E00A3A6FC /* Products */ = {
			isa = PBXGroup;
			children = (
				45F23B551676621E00A3A6FC /* libCocoaYAML.a */,
			);
			name = Products;
			sourceTree = "<group>";
		};
		45F23B571676621E00A3A6FC /* Frameworks */ = {
			isa = PBXGroup;
			children = (
				45F23B581676621E00A3A6FC /* Foundation.framework */,
			);
			name = Frameworks;
			sourceTree = "<group>";
		};
		45F23B69167662BB00A3A6FC /* Externals */ = {
			isa = PBXGroup;
			children = (
				45F23B6A167662BB00A3A6FC /* libyaml */,
			);
			path = Externals;
			sourceTree = "<group>";
		};
		45F23B6A167662BB00A3A6FC /* libyaml */ = {
			isa = PBXGroup;
			children = (
				45F23B70167662BB00A3A6FC /* include */,
				45F23B76167662BB00A3A6FC /* src */,
			);
			path = libyaml;
			sourceTree = "<group>";
		};
		45F23B70167662BB00A3A6FC /* include */ = {
			isa = PBXGroup;
			children = (
				45F23B72167662BB00A3A6FC /* yaml.h */,
			);
			path = include;
			sourceTree = "<group>";
		};
		45F23B76167662BB00A3A6FC /* src */ = {
			isa = PBXGroup;
			children = (
				45F23B77167662BB00A3A6FC /* api.c */,
				45F23B78167662BB00A3A6FC /* dumper.c */,
				45F23B79167662BB00A3A6FC /* emitter.c */,
				45F23B7A167662BB00A3A6FC /* loader.c */,
				45F23B7C167662BB00A3A6FC /* parser.c */,
				45F23B7D167662BB00A3A6FC /* reader.c */,
				45F23B7E167662BB00A3A6FC /* scanner.c */,
				45F23B7F167662BB00A3A6FC /* writer.c */,
				45F23B80167662BB00A3A6FC /* yaml_private.h */,
			);
			path = src;
			sourceTree = "<group>";
		};
		45F23BC1167662BB00A3A6FC /* Source */ = {
			isa = PBXGroup;
			children = (
				45F23BC2167662BB00A3A6FC /* CYAMLDeserializer.h */,
				45F23BC3167662BB00A3A6FC /* CYAMLDeserializer.m */,
			);
			path = Source;
			sourceTree = "<group>";
		};
		45F23BD91676634500A3A6FC /* Supporting Files */ = {
			isa = PBXGroup;
			children = (
				45F23BDB1676641200A3A6FC /* Prefix.pch */,
			);
			path = "Supporting Files";
			sourceTree = "<group>";
		};
/* End PBXGroup section */

/* Begin PBXNativeTarget section */
		45F23B541676621E00A3A6FC /* CocoaYAML */ = {
			isa = PBXNativeTarget;
			buildConfigurationList = 45F23B631676621E00A3A6FC /* Build configuration list for PBXNativeTarget "CocoaYAML" */;
			buildPhases = (
				45F23B511676621E00A3A6FC /* Sources */,
				45F23B521676621E00A3A6FC /* Frameworks */,
				45F23B531676621E00A3A6FC /* CopyFiles */,
			);
			buildRules = (
			);
			dependencies = (
			);
			name = CocoaYAML;
			productName = CocoaYAML;
			productReference = 45F23B551676621E00A3A6FC /* libCocoaYAML.a */;
			productType = "com.apple.product-type.library.static";
		};
/* End PBXNativeTarget section */

/* Begin PBXProject section */
		45F23B4C1676621E00A3A6FC /* Project object */ = {
			isa = PBXProject;
			attributes = {
				LastUpgradeCheck = 0450;
				ORGANIZATIONNAME = toxicsoftware;
			};
			buildConfigurationList = 45F23B4F1676621E00A3A6FC /* Build configuration list for PBXProject "CocoaYAML" */;
			compatibilityVersion = "Xcode 3.2";
			developmentRegion = English;
			hasScannedForEncodings = 0;
			knownRegions = (
				en,
			);
			mainGroup = 45F23B4A1676621E00A3A6FC;
			productRefGroup = 45F23B561676621E00A3A6FC /* Products */;
			projectDirPath = "";
			projectRoot = "";
			targets = (
				45F23B541676621E00A3A6FC /* CocoaYAML */,
			);
		};
/* End PBXProject section */

/* Begin PBXSourcesBuildPhase section */
		45F23B511676621E00A3A6FC /* Sources */ = {
			isa = PBXSourcesBuildPhase;
			buildActionMask = 2147483647;
			files = (
				45F23BC4167662BB00A3A6FC /* api.c in Sources */,
				45F23BC5167662BB00A3A6FC /* dumper.c in Sources */,
				45F23BC6167662BB00A3A6FC /* emitter.c in Sources */,
				45F23BC7167662BB00A3A6FC /* loader.c in Sources */,
				45F23BC8167662BB00A3A6FC /* parser.c in Sources */,
				45F23BC9167662BB00A3A6FC /* reader.c in Sources */,
				45F23BCA167662BB00A3A6FC /* scanner.c in Sources */,
				45F23BCB167662BB00A3A6FC /* writer.c in Sources */,
				45F23BD7167662BB00A3A6FC /* CYAMLDeserializer.m in Sources */,
			);
			runOnlyForDeploymentPostprocessing = 0;
		};
/* End PBXSourcesBuildPhase section */

/* Begin XCBuildConfiguration section */
		45F23B611676621E00A3A6FC /* Debug */ = {
			isa = XCBuildConfiguration;
			buildSettings = {
				ALWAYS_SEARCH_USER_PATHS = NO;
				CLANG_CXX_LANGUAGE_STANDARD = "gnu++0x";
				CLANG_CXX_LIBRARY = "libc++";
				CLANG_ENABLE_OBJC_ARC = YES;
				CLANG_WARN_EMPTY_BODY = YES;
				CLANG_WARN__DUPLICATE_METHOD_MATCH = YES;
				COPY_PHASE_STRIP = NO;
				GCC_C_LANGUAGE_STANDARD = gnu99;
				GCC_DYNAMIC_NO_PIC = NO;
				GCC_OPTIMIZATION_LEVEL = 0;
				GCC_PREPROCESSOR_DEFINITIONS = (
					"DEBUG=1",
					"$(inherited)",
				);
				GCC_SYMBOLS_PRIVATE_EXTERN = NO;
				GCC_WARN_ABOUT_RETURN_TYPE = YES;
				GCC_WARN_UNINITIALIZED_AUTOS = YES;
				GCC_WARN_UNUSED_VARIABLE = YES;
				IPHONEOS_DEPLOYMENT_TARGET = 6.0;
				ONLY_ACTIVE_ARCH = YES;
				SDKROOT = iphoneos;
			};
			name = Debug;
		};
		45F23B621676621E00A3A6FC /* Release */ = {
			isa = XCBuildConfiguration;
			buildSettings = {
				ALWAYS_SEARCH_USER_PATHS = NO;
				CLANG_CXX_LANGUAGE_STANDARD = "gnu++0x";
				CLANG_CXX_LIBRARY = "libc++";
				CLANG_ENABLE_OBJC_ARC = YES;
				CLANG_WARN_EMPTY_BODY = YES;
				CLANG_WARN__DUPLICATE_METHOD_MATCH = YES;
				COPY_PHASE_STRIP = YES;
				GCC_C_LANGUAGE_STANDARD = gnu99;
				GCC_WARN_ABOUT_RETURN_TYPE = YES;
				GCC_WARN_UNINITIALIZED_AUTOS = YES;
				GCC_WARN_UNUSED_VARIABLE = YES;
				IPHONEOS_DEPLOYMENT_TARGET = 6.0;
				SDKROOT = iphoneos;
				VALIDATE_PRODUCT = YES;
			};
			name = Release;
		};
		45F23B641676621E00A3A6FC /* Debug */ = {
			isa = XCBuildConfiguration;
			buildSettings = {
				DSTROOT = /tmp/CocoaYAML.dst;
				GCC_PRECOMPILE_PREFIX_HEADER = YES;
				GCC_PREFIX_HEADER = "Supporting Files/Prefix.pch";
				HEADER_SEARCH_PATHS = (
					Externals/libyaml/include,
					Externals/libyaml_config,
				);
				OTHER_LDFLAGS = "-ObjC";
				PRODUCT_NAME = "$(TARGET_NAME)";
				SKIP_INSTALL = YES;
			};
			name = Debug;
		};
		45F23B651676621E00A3A6FC /* Release */ = {
			isa = XCBuildConfiguration;
			buildSettings = {
				DSTROOT = /tmp/CocoaYAML.dst;
				GCC_PRECOMPILE_PREFIX_HEADER = YES;
				GCC_PREFIX_HEADER = "Supporting Files/Prefix.pch";
				HEADER_SEARCH_PATHS = (
					Externals/libyaml/include,
					Externals/libyaml_config,
				);
				OTHER_LDFLAGS = "-ObjC";
				PRODUCT_NAME = "$(TARGET_NAME)";
				SKIP_INSTALL = YES;
			};
			name = Release;
		};
/* End XCBuildConfiguration section */

/* Begin XCConfigurationList section */
		45F23B4F1676621E00A3A6FC /* Build configuration list for PBXProject "CocoaYAML" */ = {
			isa = XCConfigurationList;
			buildConfigurations = (
				45F23B611676621E00A3A6FC /* Debug */,
				45F23B621676621E00A3A6FC /* Release */,
			);
			defaultConfigurationIsVisible = 0;
			defaultConfigurationName = Release;
		};
		45F23B631676621E00A3A6FC /* Build configuration list for PBXNativeTarget "CocoaYAML" */ = {
			isa = XCConfigurationList;
			buildConfigurations = (
				45F23B641676621E00A3A6FC /* Debug */,
				45F23B651676621E00A3A6FC /* Release */,
			);
			defaultConfigurationIsVisible = 0;
			defaultConfigurationName = Release;
		};
/* End XCConfigurationList section */
	};
	rootObject = 45F23B4C1676621E00A3A6FC /* Project object */;
}
